
Microsoft Visual Studio Solution File, Format Version 12.00
Project("{FAE04EC0-301F-11D3-BF4B-00C04F79EFBC}") = "AutoPick.Tests", "AutoPick.Tests\AutoPick.Tests.csproj", "{439E3551-3996-40BA-AC0A-4F81944011B2}"
EndProject
Project("{FAE04EC0-301F-11D3-BF4B-00C04F79EFBC}") = "AutoPick", "AutoPick\AutoPick.csproj", "{D9EA07D0-549D-4839-B13E-E7691B63E603}"
EndProject
Project("{FAE04EC0-301F-11D3-BF4B-00C04F79EFBC}") = "MockApp", "MockApp\MockApp.csproj", "{24B8B23A-7050-4B93-80F7-F9C7599AD9E3}"
EndProject
Project("{FAE04EC0-301F-11D3-BF4B-00C04F79EFBC}") = "Cover", "Cover\Cover.csproj", "{B7F562FC-79CA-48AF-89A6-924C53F52D8B}"
EndProject
Project("{FAE04EC0-301F-11D3-BF4B-00C04F79EFBC}") = "AutoPick.Server", "AutoPick.Server\AutoPick.Server.csproj", "{20A1DCB4-7B32-48BE-B118-295944AD117E}"
EndProject
Project("{FAE04EC0-301F-11D3-BF4B-00C04F79EFBC}") = "AutoPick.Server.Tests", "AutoPick.Server.Tests\AutoPick.Server.Tests.csproj", "{1A169CC3-1F70-42F0-9615-A298824123B7}"
EndProject
Global
	GlobalSection(SolutionConfigurationPlatforms) = preSolution
		Debug|Any CPU = Debug|Any CPU
		Release|Any CPU = Release|Any CPU
	EndGlobalSection
	GlobalSection(ProjectConfigurationPlatforms) = postSolution
		{439E3551-3996-40BA-AC0A-4F81944011B2}.Debug|Any CPU.ActiveCfg = Debug|Any CPU
		{439E3551-3996-40BA-AC0A-4F81944011B2}.Debug|Any CPU.Build.0 = Debug|Any CPU
		{439E3551-3996-40BA-AC0A-4F81944011B2}.Release|Any CPU.ActiveCfg = Release|Any CPU
		{439E3551-3996-40BA-AC0A-4F81944011B2}.Release|Any CPU.Build.0 = Release|Any CPU
		{D9EA07D0-549D-4839-B13E-E7691B63E603}.Debug|Any CPU.ActiveCfg = Debug|Any CPU
		{D9EA07D0-549D-4839-B13E-E7691B63E603}.Debug|Any CPU.Build.0 = Debug|Any CPU
		{D9EA07D0-549D-4839-B13E-E7691B63E603}.Release|Any CPU.ActiveCfg = Release|Any CPU
		{D9EA07D0-549D-4839-B13E-E7691B63E603}.Release|Any CPU.Build.0 = Release|Any CPU
		{24B8B23A-7050-4B93-80F7-F9C7599AD9E3}.Debug|Any CPU.ActiveCfg = Debug|Any CPU
		{24B8B23A-7050-4B93-80F7-F9C7599AD9E3}.Debug|Any CPU.Build.0 = Debug|Any CPU
		{24B8B23A-7050-4B93-80F7-F9C7599AD9E3}.Release|Any CPU.ActiveCfg = Release|Any CPU
		{24B8B23A-7050-4B93-80F7-F9C7599AD9E3}.Release|Any CPU.Build.0 = Release|Any CPU
		{B7F562FC-79CA-48AF-89A6-924C53F52D8B}.Debug|Any CPU.ActiveCfg = Debug|Any CPU
		{B7F562FC-79CA-48AF-89A6-924C53F52D8B}.Debug|Any CPU.Build.0 = Debug|Any CPU
		{B7F562FC-79CA-48AF-89A6-924C53F52D8B}.Release|Any CPU.ActiveCfg = Release|Any CPU
		{B7F562FC-79CA-48AF-89A6-924C53F52D8B}.Release|Any CPU.Build.0 = Release|Any CPU
		{20A1DCB4-7B32-48BE-B118-295944AD117E}.Debug|Any CPU.ActiveCfg = Debug|Any CPU
		{20A1DCB4-7B32-48BE-B118-295944AD117E}.Debug|Any CPU.Build.0 = Debug|Any CPU
		{20A1DCB4-7B32-48BE-B118-295944AD117E}.Release|Any CPU.ActiveCfg = Release|Any CPU
		{20A1DCB4-7B32-48BE-B118-295944AD117E}.Release|Any CPU.Build.0 = Release|Any CPU
		{1A169CC3-1F70-42F0-9615-A298824123B7}.Debug|Any CPU.ActiveCfg = Debug|Any CPU
		{1A169CC3-1F70-42F0-9615-A298824123B7}.Debug|Any CPU.Build.0 = Debug|Any CPU
		{1A169CC3-1F70-42F0-9615-A298824123B7}.Release|Any CPU.ActiveCfg = Release|Any CPU
		{1A169CC3-1F70-42F0-9615-A298824123B7}.Release|Any CPU.Build.0 = Release|Any CPU
	EndGlobalSection
EndGlobal
